
Microsoft Visual Studio Solution File, Format Version 12.00
# Visual Studio Version 17
VisualStudioVersion = 17.4.33103.184
MinimumVisualStudioVersion = 10.0.40219.1
Project("{FAE04EC0-301F-11D3-BF4B-00C04F79EFBC}") = "MyWebApplication", "MyWebApplication\MyWebApplication.csproj", "{1AE35315-15FA-40A6-AA1A-2246598D7C8E}"
EndProject
Global
	GlobalSection(SolutionConfigurationPlatforms) = preSolution
		Debug|Any CPU = Debug|Any CPU
		Release|Any CPU = Release|Any CPU
	EndGlobalSection
	GlobalSection(ProjectConfigurationPlatforms) = postSolution
		{1AE35315-15FA-40A6-AA1A-2246598D7C8E}.Debug|Any CPU.ActiveCfg = Debug|Any CPU
		{1AE35315-15FA-40A6-AA1A-2246598D7C8E}.Debug|Any CPU.Build.0 = Debug|Any CPU
		{1AE35315-15FA-40A6-AA1A-2246598D7C8E}.Release|Any CPU.ActiveCfg = Release|Any CPU
		{1AE35315-15FA-40A6-AA1A-2246598D7C8E}.Release|Any CPU.Build.0 = Release|Any CPU
	EndGlobalSection
	GlobalSection(SolutionProperties) = preSolution
		HideSolutionNode = FALSE
	EndGlobalSection
	GlobalSection(ExtensibilityGlobals) = postSolution
		SolutionGuid = {B3A7BC99-0828-47FB-AA49-208D10F25318}
	EndGlobalSection
EndGlobal
